// !$*UTF8*$!
{
	archiveVersion = 1;
	classes = {
	};
	objectVersion = 55;
	objects = {

/* Begin PBXBuildFile section */
		07629A7D0338FD179F207DF8 /* Pods_ChatApp_ChatAppUITests.framework in Frameworks */ = {isa = PBXBuildFile; fileRef = 7BBAB97218998C85F10DB017 /* Pods_ChatApp_ChatAppUITests.framework */; };
		0F0701812855D204008D60B4 /* LoginViewController.swift in Sources */ = {isa = PBXBuildFile; fileRef = 0F0701802855D204008D60B4 /* LoginViewController.swift */; };
		0F0701832855D21E008D60B4 /* RegisterViewController.swift in Sources */ = {isa = PBXBuildFile; fileRef = 0F0701822855D21E008D60B4 /* RegisterViewController.swift */; };
		0F0701852855D249008D60B4 /* PhotoViewerViewController.swift in Sources */ = {isa = PBXBuildFile; fileRef = 0F0701842855D249008D60B4 /* PhotoViewerViewController.swift */; };
		0F0701872855D271008D60B4 /* VideoPlayerViewController.swift in Sources */ = {isa = PBXBuildFile; fileRef = 0F0701862855D271008D60B4 /* VideoPlayerViewController.swift */; };
		0F0701892855D295008D60B4 /* NewConversationViewController.swift in Sources */ = {isa = PBXBuildFile; fileRef = 0F0701882855D295008D60B4 /* NewConversationViewController.swift */; };
		0F07018B2855D2B5008D60B4 /* ProfileViewController.swift in Sources */ = {isa = PBXBuildFile; fileRef = 0F07018A2855D2B5008D60B4 /* ProfileViewController.swift */; };
		0F07018E2855D7E8008D60B4 /* Extensions.swift in Sources */ = {isa = PBXBuildFile; fileRef = 0F07018D2855D7E8008D60B4 /* Extensions.swift */; };
		0F76F61E2857156400F1791E /* GoogleService-Info.plist in Resources */ = {isa = PBXBuildFile; fileRef = 0F76F61D2857156400F1791E /* GoogleService-Info.plist */; };
		0FF3853A2855CBE40054ADD8 /* AppDelegate.swift in Sources */ = {isa = PBXBuildFile; fileRef = 0FF385392855CBE40054ADD8 /* AppDelegate.swift */; };
		0FF3853C2855CBE40054ADD8 /* SceneDelegate.swift in Sources */ = {isa = PBXBuildFile; fileRef = 0FF3853B2855CBE40054ADD8 /* SceneDelegate.swift */; };
		0FF3853E2855CBE40054ADD8 /* ConversationsViewController.swift in Sources */ = {isa = PBXBuildFile; fileRef = 0FF3853D2855CBE40054ADD8 /* ConversationsViewController.swift */; };
		0FF385412855CBE40054ADD8 /* Main.storyboard in Resources */ = {isa = PBXBuildFile; fileRef = 0FF3853F2855CBE40054ADD8 /* Main.storyboard */; };
		0FF385432855CBE50054ADD8 /* Assets.xcassets in Resources */ = {isa = PBXBuildFile; fileRef = 0FF385422855CBE50054ADD8 /* Assets.xcassets */; };
		0FF385462855CBE50054ADD8 /* LaunchScreen.storyboard in Resources */ = {isa = PBXBuildFile; fileRef = 0FF385442855CBE50054ADD8 /* LaunchScreen.storyboard */; };
		0FF385512855CBE60054ADD8 /* ChatAppTests.swift in Sources */ = {isa = PBXBuildFile; fileRef = 0FF385502855CBE60054ADD8 /* ChatAppTests.swift */; };
		0FF3855B2855CBE60054ADD8 /* ChatAppUITests.swift in Sources */ = {isa = PBXBuildFile; fileRef = 0FF3855A2855CBE60054ADD8 /* ChatAppUITests.swift */; };
		0FF3855D2855CBE60054ADD8 /* ChatAppUITestsLaunchTests.swift in Sources */ = {isa = PBXBuildFile; fileRef = 0FF3855C2855CBE60054ADD8 /* ChatAppUITestsLaunchTests.swift */; };
		687CD099FC3D2B9EE7C959C1 /* Pods_ChatAppTests.framework in Frameworks */ = {isa = PBXBuildFile; fileRef = 397E57A734F83F2E36750E0A /* Pods_ChatAppTests.framework */; };
		851B7EAE1E40EC71EB929EC3 /* Pods_ChatApp.framework in Frameworks */ = {isa = PBXBuildFile; fileRef = 0C18BA3ED4E69E36C30393E4 /* Pods_ChatApp.framework */; };
/* End PBXBuildFile section */

/* Begin PBXContainerItemProxy section */
		0FF3854D2855CBE60054ADD8 /* PBXContainerItemProxy */ = {
			isa = PBXContainerItemProxy;
			containerPortal = 0FF3852E2855CBE40054ADD8 /* Project object */;
			proxyType = 1;
			remoteGlobalIDString = 0FF385352855CBE40054ADD8;
			remoteInfo = ChatApp;
		};
		0FF385572855CBE60054ADD8 /* PBXContainerItemProxy */ = {
			isa = PBXContainerItemProxy;
			containerPortal = 0FF3852E2855CBE40054ADD8 /* Project object */;
			proxyType = 1;
			remoteGlobalIDString = 0FF385352855CBE40054ADD8;
			remoteInfo = ChatApp;
		};
/* End PBXContainerItemProxy section */

/* Begin PBXFileReference section */
		08FB3AAF9EDC6F7BE0F1401C /* Pods-ChatAppTests.debug.xcconfig */ = {isa = PBXFileReference; includeInIndex = 1; lastKnownFileType = text.xcconfig; name = "Pods-ChatAppTests.debug.xcconfig"; path = "Target Support Files/Pods-ChatAppTests/Pods-ChatAppTests.debug.xcconfig"; sourceTree = "<group>"; };
		0C18BA3ED4E69E36C30393E4 /* Pods_ChatApp.framework */ = {isa = PBXFileReference; explicitFileType = wrapper.framework; includeInIndex = 0; path = Pods_ChatApp.framework; sourceTree = BUILT_PRODUCTS_DIR; };
		0F0701802855D204008D60B4 /* LoginViewController.swift */ = {isa = PBXFileReference; lastKnownFileType = sourcecode.swift; path = LoginViewController.swift; sourceTree = "<group>"; };
		0F0701822855D21E008D60B4 /* RegisterViewController.swift */ = {isa = PBXFileReference; lastKnownFileType = sourcecode.swift; path = RegisterViewController.swift; sourceTree = "<group>"; };
		0F0701842855D249008D60B4 /* PhotoViewerViewController.swift */ = {isa = PBXFileReference; lastKnownFileType = sourcecode.swift; path = PhotoViewerViewController.swift; sourceTree = "<group>"; };
		0F0701862855D271008D60B4 /* VideoPlayerViewController.swift */ = {isa = PBXFileReference; lastKnownFileType = sourcecode.swift; path = VideoPlayerViewController.swift; sourceTree = "<group>"; };
		0F0701882855D295008D60B4 /* NewConversationViewController.swift */ = {isa = PBXFileReference; lastKnownFileType = sourcecode.swift; path = NewConversationViewController.swift; sourceTree = "<group>"; };
		0F07018A2855D2B5008D60B4 /* ProfileViewController.swift */ = {isa = PBXFileReference; lastKnownFileType = sourcecode.swift; path = ProfileViewController.swift; sourceTree = "<group>"; };
		0F07018D2855D7E8008D60B4 /* Extensions.swift */ = {isa = PBXFileReference; lastKnownFileType = sourcecode.swift; path = Extensions.swift; sourceTree = "<group>"; };
		0F76F61D2857156400F1791E /* GoogleService-Info.plist */ = {isa = PBXFileReference; fileEncoding = 4; lastKnownFileType = text.plist.xml; path = "GoogleService-Info.plist"; sourceTree = "<group>"; };
		0FF385362855CBE40054ADD8 /* ChatApp.app */ = {isa = PBXFileReference; explicitFileType = wrapper.application; includeInIndex = 0; path = ChatApp.app; sourceTree = BUILT_PRODUCTS_DIR; };
		0FF385392855CBE40054ADD8 /* AppDelegate.swift */ = {isa = PBXFileReference; lastKnownFileType = sourcecode.swift; path = AppDelegate.swift; sourceTree = "<group>"; };
		0FF3853B2855CBE40054ADD8 /* SceneDelegate.swift */ = {isa = PBXFileReference; lastKnownFileType = sourcecode.swift; path = SceneDelegate.swift; sourceTree = "<group>"; };
		0FF3853D2855CBE40054ADD8 /* ConversationsViewController.swift */ = {isa = PBXFileReference; lastKnownFileType = sourcecode.swift; path = ConversationsViewController.swift; sourceTree = "<group>"; };
		0FF385402855CBE40054ADD8 /* Base */ = {isa = PBXFileReference; lastKnownFileType = file.storyboard; name = Base; path = Base.lproj/Main.storyboard; sourceTree = "<group>"; };
		0FF385422855CBE50054ADD8 /* Assets.xcassets */ = {isa = PBXFileReference; lastKnownFileType = folder.assetcatalog; path = Assets.xcassets; sourceTree = "<group>"; };
		0FF385452855CBE50054ADD8 /* Base */ = {isa = PBXFileReference; lastKnownFileType = file.storyboard; name = Base; path = Base.lproj/LaunchScreen.storyboard; sourceTree = "<group>"; };
		0FF385472855CBE50054ADD8 /* Info.plist */ = {isa = PBXFileReference; lastKnownFileType = text.plist.xml; path = Info.plist; sourceTree = "<group>"; };
		0FF3854C2855CBE60054ADD8 /* ChatAppTests.xctest */ = {isa = PBXFileReference; explicitFileType = wrapper.cfbundle; includeInIndex = 0; path = ChatAppTests.xctest; sourceTree = BUILT_PRODUCTS_DIR; };
		0FF385502855CBE60054ADD8 /* ChatAppTests.swift */ = {isa = PBXFileReference; lastKnownFileType = sourcecode.swift; path = ChatAppTests.swift; sourceTree = "<group>"; };
		0FF385562855CBE60054ADD8 /* ChatAppUITests.xctest */ = {isa = PBXFileReference; explicitFileType = wrapper.cfbundle; includeInIndex = 0; path = ChatAppUITests.xctest; sourceTree = BUILT_PRODUCTS_DIR; };
		0FF3855A2855CBE60054ADD8 /* ChatAppUITests.swift */ = {isa = PBXFileReference; lastKnownFileType = sourcecode.swift; path = ChatAppUITests.swift; sourceTree = "<group>"; };
		0FF3855C2855CBE60054ADD8 /* ChatAppUITestsLaunchTests.swift */ = {isa = PBXFileReference; lastKnownFileType = sourcecode.swift; path = ChatAppUITestsLaunchTests.swift; sourceTree = "<group>"; };
		1038BFC14B15B0C17012715B /* Pods-ChatAppTests.release.xcconfig */ = {isa = PBXFileReference; includeInIndex = 1; lastKnownFileType = text.xcconfig; name = "Pods-ChatAppTests.release.xcconfig"; path = "Target Support Files/Pods-ChatAppTests/Pods-ChatAppTests.release.xcconfig"; sourceTree = "<group>"; };
		397E57A734F83F2E36750E0A /* Pods_ChatAppTests.framework */ = {isa = PBXFileReference; explicitFileType = wrapper.framework; includeInIndex = 0; path = Pods_ChatAppTests.framework; sourceTree = BUILT_PRODUCTS_DIR; };
		7BBAB97218998C85F10DB017 /* Pods_ChatApp_ChatAppUITests.framework */ = {isa = PBXFileReference; explicitFileType = wrapper.framework; includeInIndex = 0; path = Pods_ChatApp_ChatAppUITests.framework; sourceTree = BUILT_PRODUCTS_DIR; };
		A1CCA3166A3CB416107653FE /* Pods-ChatApp.debug.xcconfig */ = {isa = PBXFileReference; includeInIndex = 1; lastKnownFileType = text.xcconfig; name = "Pods-ChatApp.debug.xcconfig"; path = "Target Support Files/Pods-ChatApp/Pods-ChatApp.debug.xcconfig"; sourceTree = "<group>"; };
		A7815F512CC2EA64D66F344E /* Pods-ChatApp.release.xcconfig */ = {isa = PBXFileReference; includeInIndex = 1; lastKnownFileType = text.xcconfig; name = "Pods-ChatApp.release.xcconfig"; path = "Target Support Files/Pods-ChatApp/Pods-ChatApp.release.xcconfig"; sourceTree = "<group>"; };
		B09B6288A9EF9E726E013060 /* Pods-ChatApp-ChatAppUITests.debug.xcconfig */ = {isa = PBXFileReference; includeInIndex = 1; lastKnownFileType = text.xcconfig; name = "Pods-ChatApp-ChatAppUITests.debug.xcconfig"; path = "Target Support Files/Pods-ChatApp-ChatAppUITests/Pods-ChatApp-ChatAppUITests.debug.xcconfig"; sourceTree = "<group>"; };
		BFD05B37D8B61A72E086A517 /* Pods-ChatApp-ChatAppUITests.release.xcconfig */ = {isa = PBXFileReference; includeInIndex = 1; lastKnownFileType = text.xcconfig; name = "Pods-ChatApp-ChatAppUITests.release.xcconfig"; path = "Target Support Files/Pods-ChatApp-ChatAppUITests/Pods-ChatApp-ChatAppUITests.release.xcconfig"; sourceTree = "<group>"; };
/* End PBXFileReference section */

/* Begin PBXFrameworksBuildPhase section */
		0FF385332855CBE40054ADD8 /* Frameworks */ = {
			isa = PBXFrameworksBuildPhase;
			buildActionMask = 2147483647;
			files = (
				851B7EAE1E40EC71EB929EC3 /* Pods_ChatApp.framework in Frameworks */,
			);
			runOnlyForDeploymentPostprocessing = 0;
		};
		0FF385492855CBE60054ADD8 /* Frameworks */ = {
			isa = PBXFrameworksBuildPhase;
			buildActionMask = 2147483647;
			files = (
				687CD099FC3D2B9EE7C959C1 /* Pods_ChatAppTests.framework in Frameworks */,
			);
			runOnlyForDeploymentPostprocessing = 0;
		};
		0FF385532855CBE60054ADD8 /* Frameworks */ = {
			isa = PBXFrameworksBuildPhase;
			buildActionMask = 2147483647;
			files = (
				07629A7D0338FD179F207DF8 /* Pods_ChatApp_ChatAppUITests.framework in Frameworks */,
			);
			runOnlyForDeploymentPostprocessing = 0;
		};
/* End PBXFrameworksBuildPhase section */

/* Begin PBXGroup section */
		0F07017A2855D0D6008D60B4 /* Controllers */ = {
			isa = PBXGroup;
			children = (
				0F07018C2855D3C3008D60B4 /* Login */,
				0FF3853D2855CBE40054ADD8 /* ConversationsViewController.swift */,
				0F0701842855D249008D60B4 /* PhotoViewerViewController.swift */,
				0F0701862855D271008D60B4 /* VideoPlayerViewController.swift */,
				0F0701882855D295008D60B4 /* NewConversationViewController.swift */,
				0F07018A2855D2B5008D60B4 /* ProfileViewController.swift */,
			);
			path = Controllers;
			sourceTree = "<group>";
		};
		0F07017B2855D0DC008D60B4 /* Views */ = {
			isa = PBXGroup;
			children = (
				0F07017F2855D131008D60B4 /* Storyboards */,
			);
			path = Views;
			sourceTree = "<group>";
		};
		0F07017C2855D0E1008D60B4 /* Models */ = {
			isa = PBXGroup;
			children = (
			);
			path = Models;
			sourceTree = "<group>";
		};
		0F07017D2855D0E7008D60B4 /* ViewModels */ = {
			isa = PBXGroup;
			children = (
			);
			path = ViewModels;
			sourceTree = "<group>";
		};
		0F07017E2855D0EC008D60B4 /* Resources */ = {
			isa = PBXGroup;
			children = (
				0FF385392855CBE40054ADD8 /* AppDelegate.swift */,
				0FF3853B2855CBE40054ADD8 /* SceneDelegate.swift */,
				0F07018D2855D7E8008D60B4 /* Extensions.swift */,
			);
			path = Resources;
			sourceTree = "<group>";
		};
		0F07017F2855D131008D60B4 /* Storyboards */ = {
			isa = PBXGroup;
			children = (
				0FF3853F2855CBE40054ADD8 /* Main.storyboard */,
				0FF385442855CBE50054ADD8 /* LaunchScreen.storyboard */,
			);
			path = Storyboards;
			sourceTree = "<group>";
		};
		0F07018C2855D3C3008D60B4 /* Login */ = {
			isa = PBXGroup;
			children = (
				0F0701802855D204008D60B4 /* LoginViewController.swift */,
				0F0701822855D21E008D60B4 /* RegisterViewController.swift */,
			);
			path = Login;
			sourceTree = "<group>";
		};
		0FF3852D2855CBE40054ADD8 = {
			isa = PBXGroup;
			children = (
				0FF385382855CBE40054ADD8 /* ChatApp */,
				0FF3854F2855CBE60054ADD8 /* ChatAppTests */,
				0FF385592855CBE60054ADD8 /* ChatAppUITests */,
				0FF385372855CBE40054ADD8 /* Products */,
				E623A755180663DEED99736D /* Pods */,
				DD210A3B753FB729F5BA7479 /* Frameworks */,
			);
			sourceTree = "<group>";
		};
		0FF385372855CBE40054ADD8 /* Products */ = {
			isa = PBXGroup;
			children = (
				0FF385362855CBE40054ADD8 /* ChatApp.app */,
				0FF3854C2855CBE60054ADD8 /* ChatAppTests.xctest */,
				0FF385562855CBE60054ADD8 /* ChatAppUITests.xctest */,
			);
			name = Products;
			sourceTree = "<group>";
		};
		0FF385382855CBE40054ADD8 /* ChatApp */ = {
			isa = PBXGroup;
			children = (
				0F76F61D2857156400F1791E /* GoogleService-Info.plist */,
				0F07017E2855D0EC008D60B4 /* Resources */,
				0F07017C2855D0E1008D60B4 /* Models */,
				0F07017D2855D0E7008D60B4 /* ViewModels */,
				0F07017B2855D0DC008D60B4 /* Views */,
				0F07017A2855D0D6008D60B4 /* Controllers */,
				0FF385422855CBE50054ADD8 /* Assets.xcassets */,
				0FF385472855CBE50054ADD8 /* Info.plist */,
			);
			path = ChatApp;
			sourceTree = "<group>";
		};
		0FF3854F2855CBE60054ADD8 /* ChatAppTests */ = {
			isa = PBXGroup;
			children = (
				0FF385502855CBE60054ADD8 /* ChatAppTests.swift */,
			);
			path = ChatAppTests;
			sourceTree = "<group>";
		};
		0FF385592855CBE60054ADD8 /* ChatAppUITests */ = {
			isa = PBXGroup;
			children = (
				0FF3855A2855CBE60054ADD8 /* ChatAppUITests.swift */,
				0FF3855C2855CBE60054ADD8 /* ChatAppUITestsLaunchTests.swift */,
			);
			path = ChatAppUITests;
			sourceTree = "<group>";
		};
		DD210A3B753FB729F5BA7479 /* Frameworks */ = {
			isa = PBXGroup;
			children = (
				0C18BA3ED4E69E36C30393E4 /* Pods_ChatApp.framework */,
				7BBAB97218998C85F10DB017 /* Pods_ChatApp_ChatAppUITests.framework */,
				397E57A734F83F2E36750E0A /* Pods_ChatAppTests.framework */,
			);
			name = Frameworks;
			sourceTree = "<group>";
		};
		E623A755180663DEED99736D /* Pods */ = {
			isa = PBXGroup;
			children = (
				A1CCA3166A3CB416107653FE /* Pods-ChatApp.debug.xcconfig */,
				A7815F512CC2EA64D66F344E /* Pods-ChatApp.release.xcconfig */,
				B09B6288A9EF9E726E013060 /* Pods-ChatApp-ChatAppUITests.debug.xcconfig */,
				BFD05B37D8B61A72E086A517 /* Pods-ChatApp-ChatAppUITests.release.xcconfig */,
				08FB3AAF9EDC6F7BE0F1401C /* Pods-ChatAppTests.debug.xcconfig */,
				1038BFC14B15B0C17012715B /* Pods-ChatAppTests.release.xcconfig */,
			);
			path = Pods;
			sourceTree = "<group>";
		};
/* End PBXGroup section */

/* Begin PBXNativeTarget section */
		0FF385352855CBE40054ADD8 /* ChatApp */ = {
			isa = PBXNativeTarget;
			buildConfigurationList = 0FF385602855CBE60054ADD8 /* Build configuration list for PBXNativeTarget "ChatApp" */;
			buildPhases = (
				6B17FA0775A9E5469EDC3CAE /* [CP] Check Pods Manifest.lock */,
				0FF385322855CBE40054ADD8 /* Sources */,
				0FF385332855CBE40054ADD8 /* Frameworks */,
				0FF385342855CBE40054ADD8 /* Resources */,
				EE330C204CF64029C4F5BB54 /* [CP] Embed Pods Frameworks */,
			);
			buildRules = (
			);
			dependencies = (
			);
			name = ChatApp;
			productName = ChatApp;
			productReference = 0FF385362855CBE40054ADD8 /* ChatApp.app */;
			productType = "com.apple.product-type.application";
		};
		0FF3854B2855CBE60054ADD8 /* ChatAppTests */ = {
			isa = PBXNativeTarget;
			buildConfigurationList = 0FF385632855CBE60054ADD8 /* Build configuration list for PBXNativeTarget "ChatAppTests" */;
			buildPhases = (
				3A2518668B3CF97C6596A867 /* [CP] Check Pods Manifest.lock */,
				0FF385482855CBE60054ADD8 /* Sources */,
				0FF385492855CBE60054ADD8 /* Frameworks */,
				0FF3854A2855CBE60054ADD8 /* Resources */,
			);
			buildRules = (
			);
			dependencies = (
				0FF3854E2855CBE60054ADD8 /* PBXTargetDependency */,
			);
			name = ChatAppTests;
			productName = ChatAppTests;
			productReference = 0FF3854C2855CBE60054ADD8 /* ChatAppTests.xctest */;
			productType = "com.apple.product-type.bundle.unit-test";
		};
		0FF385552855CBE60054ADD8 /* ChatAppUITests */ = {
			isa = PBXNativeTarget;
			buildConfigurationList = 0FF385662855CBE60054ADD8 /* Build configuration list for PBXNativeTarget "ChatAppUITests" */;
			buildPhases = (
				CBF1F72BDE8AA636DB1F957E /* [CP] Check Pods Manifest.lock */,
				0FF385522855CBE60054ADD8 /* Sources */,
				0FF385532855CBE60054ADD8 /* Frameworks */,
				0FF385542855CBE60054ADD8 /* Resources */,
				97027C5D4F3B7210B5D29FF9 /* [CP] Embed Pods Frameworks */,
			);
			buildRules = (
			);
			dependencies = (
				0FF385582855CBE60054ADD8 /* PBXTargetDependency */,
			);
			name = ChatAppUITests;
			productName = ChatAppUITests;
			productReference = 0FF385562855CBE60054ADD8 /* ChatAppUITests.xctest */;
			productType = "com.apple.product-type.bundle.ui-testing";
		};
/* End PBXNativeTarget section */

/* Begin PBXProject section */
		0FF3852E2855CBE40054ADD8 /* Project object */ = {
			isa = PBXProject;
			attributes = {
				BuildIndependentTargetsInParallel = 1;
				LastSwiftUpdateCheck = 1340;
				LastUpgradeCheck = 1340;
				TargetAttributes = {
					0FF385352855CBE40054ADD8 = {
						CreatedOnToolsVersion = 13.4.1;
					};
					0FF3854B2855CBE60054ADD8 = {
						CreatedOnToolsVersion = 13.4.1;
						TestTargetID = 0FF385352855CBE40054ADD8;
					};
					0FF385552855CBE60054ADD8 = {
						CreatedOnToolsVersion = 13.4.1;
						TestTargetID = 0FF385352855CBE40054ADD8;
					};
				};
			};
			buildConfigurationList = 0FF385312855CBE40054ADD8 /* Build configuration list for PBXProject "ChatApp" */;
			compatibilityVersion = "Xcode 13.0";
			developmentRegion = en;
			hasScannedForEncodings = 0;
			knownRegions = (
				en,
				Base,
			);
			mainGroup = 0FF3852D2855CBE40054ADD8;
			productRefGroup = 0FF385372855CBE40054ADD8 /* Products */;
			projectDirPath = "";
			projectRoot = "";
			targets = (
				0FF385352855CBE40054ADD8 /* ChatApp */,
				0FF3854B2855CBE60054ADD8 /* ChatAppTests */,
				0FF385552855CBE60054ADD8 /* ChatAppUITests */,
			);
		};
/* End PBXProject section */

/* Begin PBXResourcesBuildPhase section */
		0FF385342855CBE40054ADD8 /* Resources */ = {
			isa = PBXResourcesBuildPhase;
			buildActionMask = 2147483647;
			files = (
				0FF385462855CBE50054ADD8 /* LaunchScreen.storyboard in Resources */,
				0F76F61E2857156400F1791E /* GoogleService-Info.plist in Resources */,
				0FF385432855CBE50054ADD8 /* Assets.xcassets in Resources */,
				0FF385412855CBE40054ADD8 /* Main.storyboard in Resources */,
			);
			runOnlyForDeploymentPostprocessing = 0;
		};
		0FF3854A2855CBE60054ADD8 /* Resources */ = {
			isa = PBXResourcesBuildPhase;
			buildActionMask = 2147483647;
			files = (
			);
			runOnlyForDeploymentPostprocessing = 0;
		};
		0FF385542855CBE60054ADD8 /* Resources */ = {
			isa = PBXResourcesBuildPhase;
			buildActionMask = 2147483647;
			files = (
			);
			runOnlyForDeploymentPostprocessing = 0;
		};
/* End PBXResourcesBuildPhase section */

/* Begin PBXShellScriptBuildPhase section */
		3A2518668B3CF97C6596A867 /* [CP] Check Pods Manifest.lock */ = {
			isa = PBXShellScriptBuildPhase;
			buildActionMask = 2147483647;
			files = (
			);
			inputFileListPaths = (
			);
			inputPaths = (
				"${PODS_PODFILE_DIR_PATH}/Podfile.lock",
				"${PODS_ROOT}/Manifest.lock",
			);
			name = "[CP] Check Pods Manifest.lock";
			outputFileListPaths = (
			);
			outputPaths = (
				"$(DERIVED_FILE_DIR)/Pods-ChatAppTests-checkManifestLockResult.txt",
			);
			runOnlyForDeploymentPostprocessing = 0;
			shellPath = /bin/sh;
			shellScript = "diff \"${PODS_PODFILE_DIR_PATH}/Podfile.lock\" \"${PODS_ROOT}/Manifest.lock\" > /dev/null\nif [ $? != 0 ] ; then\n    # print error to STDERR\n    echo \"error: The sandbox is not in sync with the Podfile.lock. Run 'pod install' or update your CocoaPods installation.\" >&2\n    exit 1\nfi\n# This output is used by Xcode 'outputs' to avoid re-running this script phase.\necho \"SUCCESS\" > \"${SCRIPT_OUTPUT_FILE_0}\"\n";
			showEnvVarsInLog = 0;
		};
		6B17FA0775A9E5469EDC3CAE /* [CP] Check Pods Manifest.lock */ = {
			isa = PBXShellScriptBuildPhase;
			buildActionMask = 2147483647;
			files = (
			);
			inputFileListPaths = (
			);
			inputPaths = (
				"${PODS_PODFILE_DIR_PATH}/Podfile.lock",
				"${PODS_ROOT}/Manifest.lock",
			);
			name = "[CP] Check Pods Manifest.lock";
			outputFileListPaths = (
			);
			outputPaths = (
				"$(DERIVED_FILE_DIR)/Pods-ChatApp-checkManifestLockResult.txt",
			);
			runOnlyForDeploymentPostprocessing = 0;
			shellPath = /bin/sh;
			shellScript = "diff \"${PODS_PODFILE_DIR_PATH}/Podfile.lock\" \"${PODS_ROOT}/Manifest.lock\" > /dev/null\nif [ $? != 0 ] ; then\n    # print error to STDERR\n    echo \"error: The sandbox is not in sync with the Podfile.lock. Run 'pod install' or update your CocoaPods installation.\" >&2\n    exit 1\nfi\n# This output is used by Xcode 'outputs' to avoid re-running this script phase.\necho \"SUCCESS\" > \"${SCRIPT_OUTPUT_FILE_0}\"\n";
			showEnvVarsInLog = 0;
		};
		97027C5D4F3B7210B5D29FF9 /* [CP] Embed Pods Frameworks */ = {
			isa = PBXShellScriptBuildPhase;
			buildActionMask = 2147483647;
			files = (
			);
			inputFileListPaths = (
				"${PODS_ROOT}/Target Support Files/Pods-ChatApp-ChatAppUITests/Pods-ChatApp-ChatAppUITests-frameworks-${CONFIGURATION}-input-files.xcfilelist",
			);
			name = "[CP] Embed Pods Frameworks";
			outputFileListPaths = (
				"${PODS_ROOT}/Target Support Files/Pods-ChatApp-ChatAppUITests/Pods-ChatApp-ChatAppUITests-frameworks-${CONFIGURATION}-output-files.xcfilelist",
			);
			runOnlyForDeploymentPostprocessing = 0;
			shellPath = /bin/sh;
			shellScript = "\"${PODS_ROOT}/Target Support Files/Pods-ChatApp-ChatAppUITests/Pods-ChatApp-ChatAppUITests-frameworks.sh\"\n";
			showEnvVarsInLog = 0;
		};
		CBF1F72BDE8AA636DB1F957E /* [CP] Check Pods Manifest.lock */ = {
			isa = PBXShellScriptBuildPhase;
			buildActionMask = 2147483647;
			files = (
			);
			inputFileListPaths = (
			);
			inputPaths = (
				"${PODS_PODFILE_DIR_PATH}/Podfile.lock",
				"${PODS_ROOT}/Manifest.lock",
			);
			name = "[CP] Check Pods Manifest.lock";
			outputFileListPaths = (
			);
			outputPaths = (
				"$(DERIVED_FILE_DIR)/Pods-ChatApp-ChatAppUITests-checkManifestLockResult.txt",
			);
			runOnlyForDeploymentPostprocessing = 0;
			shellPath = /bin/sh;
			shellScript = "diff \"${PODS_PODFILE_DIR_PATH}/Podfile.lock\" \"${PODS_ROOT}/Manifest.lock\" > /dev/null\nif [ $? != 0 ] ; then\n    # print error to STDERR\n    echo \"error: The sandbox is not in sync with the Podfile.lock. Run 'pod install' or update your CocoaPods installation.\" >&2\n    exit 1\nfi\n# This output is used by Xcode 'outputs' to avoid re-running this script phase.\necho \"SUCCESS\" > \"${SCRIPT_OUTPUT_FILE_0}\"\n";
			showEnvVarsInLog = 0;
		};
		EE330C204CF64029C4F5BB54 /* [CP] Embed Pods Frameworks */ = {
			isa = PBXShellScriptBuildPhase;
			buildActionMask = 2147483647;
			files = (
			);
			inputFileListPaths = (
				"${PODS_ROOT}/Target Support Files/Pods-ChatApp/Pods-ChatApp-frameworks-${CONFIGURATION}-input-files.xcfilelist",
			);
			name = "[CP] Embed Pods Frameworks";
			outputFileListPaths = (
				"${PODS_ROOT}/Target Support Files/Pods-ChatApp/Pods-ChatApp-frameworks-${CONFIGURATION}-output-files.xcfilelist",
			);
			runOnlyForDeploymentPostprocessing = 0;
			shellPath = /bin/sh;
			shellScript = "\"${PODS_ROOT}/Target Support Files/Pods-ChatApp/Pods-ChatApp-frameworks.sh\"\n";
			showEnvVarsInLog = 0;
		};
/* End PBXShellScriptBuildPhase section */

/* Begin PBXSourcesBuildPhase section */
		0FF385322855CBE40054ADD8 /* Sources */ = {
			isa = PBXSourcesBuildPhase;
			buildActionMask = 2147483647;
			files = (
				0F0701812855D204008D60B4 /* LoginViewController.swift in Sources */,
				0F0701832855D21E008D60B4 /* RegisterViewController.swift in Sources */,
				0F0701892855D295008D60B4 /* NewConversationViewController.swift in Sources */,
				0FF3853E2855CBE40054ADD8 /* ConversationsViewController.swift in Sources */,
				0F0701872855D271008D60B4 /* VideoPlayerViewController.swift in Sources */,
				0F07018E2855D7E8008D60B4 /* Extensions.swift in Sources */,
				0FF3853A2855CBE40054ADD8 /* AppDelegate.swift in Sources */,
				0F07018B2855D2B5008D60B4 /* ProfileViewController.swift in Sources */,
				0FF3853C2855CBE40054ADD8 /* SceneDelegate.swift in Sources */,
				0F0701852855D249008D60B4 /* PhotoViewerViewController.swift in Sources */,
			);
			runOnlyForDeploymentPostprocessing = 0;
		};
		0FF385482855CBE60054ADD8 /* Sources */ = {
			isa = PBXSourcesBuildPhase;
			buildActionMask = 2147483647;
			files = (
				0FF385512855CBE60054ADD8 /* ChatAppTests.swift in Sources */,
			);
			runOnlyForDeploymentPostprocessing = 0;
		};
		0FF385522855CBE60054ADD8 /* Sources */ = {
			isa = PBXSourcesBuildPhase;
			buildActionMask = 2147483647;
			files = (
				0FF3855D2855CBE60054ADD8 /* ChatAppUITestsLaunchTests.swift in Sources */,
				0FF3855B2855CBE60054ADD8 /* ChatAppUITests.swift in Sources */,
			);
			runOnlyForDeploymentPostprocessing = 0;
		};
/* End PBXSourcesBuildPhase section */

/* Begin PBXTargetDependency section */
		0FF3854E2855CBE60054ADD8 /* PBXTargetDependency */ = {
			isa = PBXTargetDependency;
			target = 0FF385352855CBE40054ADD8 /* ChatApp */;
			targetProxy = 0FF3854D2855CBE60054ADD8 /* PBXContainerItemProxy */;
		};
		0FF385582855CBE60054ADD8 /* PBXTargetDependency */ = {
			isa = PBXTargetDependency;
			target = 0FF385352855CBE40054ADD8 /* ChatApp */;
			targetProxy = 0FF385572855CBE60054ADD8 /* PBXContainerItemProxy */;
		};
/* End PBXTargetDependency section */

/* Begin PBXVariantGroup section */
		0FF3853F2855CBE40054ADD8 /* Main.storyboard */ = {
			isa = PBXVariantGroup;
			children = (
				0FF385402855CBE40054ADD8 /* Base */,
			);
			name = Main.storyboard;
			sourceTree = "<group>";
		};
		0FF385442855CBE50054ADD8 /* LaunchScreen.storyboard */ = {
			isa = PBXVariantGroup;
			children = (
				0FF385452855CBE50054ADD8 /* Base */,
			);
			name = LaunchScreen.storyboard;
			sourceTree = "<group>";
		};
/* End PBXVariantGroup section */

/* Begin XCBuildConfiguration section */
		0FF3855E2855CBE60054ADD8 /* Debug */ = {
			isa = XCBuildConfiguration;
			buildSettings = {
				ALWAYS_SEARCH_USER_PATHS = NO;
				CLANG_ANALYZER_NONNULL = YES;
				CLANG_ANALYZER_NUMBER_OBJECT_CONVERSION = YES_AGGRESSIVE;
				CLANG_CXX_LANGUAGE_STANDARD = "gnu++17";
				CLANG_ENABLE_MODULES = YES;
				CLANG_ENABLE_OBJC_ARC = YES;
				CLANG_ENABLE_OBJC_WEAK = YES;
				CLANG_WARN_BLOCK_CAPTURE_AUTORELEASING = YES;
				CLANG_WARN_BOOL_CONVERSION = YES;
				CLANG_WARN_COMMA = YES;
				CLANG_WARN_CONSTANT_CONVERSION = YES;
				CLANG_WARN_DEPRECATED_OBJC_IMPLEMENTATIONS = YES;
				CLANG_WARN_DIRECT_OBJC_ISA_USAGE = YES_ERROR;
				CLANG_WARN_DOCUMENTATION_COMMENTS = YES;
				CLANG_WARN_EMPTY_BODY = YES;
				CLANG_WARN_ENUM_CONVERSION = YES;
				CLANG_WARN_INFINITE_RECURSION = YES;
				CLANG_WARN_INT_CONVERSION = YES;
				CLANG_WARN_NON_LITERAL_NULL_CONVERSION = YES;
				CLANG_WARN_OBJC_IMPLICIT_RETAIN_SELF = YES;
				CLANG_WARN_OBJC_LITERAL_CONVERSION = YES;
				CLANG_WARN_OBJC_ROOT_CLASS = YES_ERROR;
				CLANG_WARN_QUOTED_INCLUDE_IN_FRAMEWORK_HEADER = YES;
				CLANG_WARN_RANGE_LOOP_ANALYSIS = YES;
				CLANG_WARN_STRICT_PROTOTYPES = YES;
				CLANG_WARN_SUSPICIOUS_MOVE = YES;
				CLANG_WARN_UNGUARDED_AVAILABILITY = YES_AGGRESSIVE;
				CLANG_WARN_UNREACHABLE_CODE = YES;
				CLANG_WARN__DUPLICATE_METHOD_MATCH = YES;
				COPY_PHASE_STRIP = NO;
				DEBUG_INFORMATION_FORMAT = dwarf;
				ENABLE_STRICT_OBJC_MSGSEND = YES;
				ENABLE_TESTABILITY = YES;
				GCC_C_LANGUAGE_STANDARD = gnu11;
				GCC_DYNAMIC_NO_PIC = NO;
				GCC_NO_COMMON_BLOCKS = YES;
				GCC_OPTIMIZATION_LEVEL = 0;
				GCC_PREPROCESSOR_DEFINITIONS = (
					"DEBUG=1",
					"$(inherited)",
				);
				GCC_WARN_64_TO_32_BIT_CONVERSION = YES;
				GCC_WARN_ABOUT_RETURN_TYPE = YES_ERROR;
				GCC_WARN_UNDECLARED_SELECTOR = YES;
				GCC_WARN_UNINITIALIZED_AUTOS = YES_AGGRESSIVE;
				GCC_WARN_UNUSED_FUNCTION = YES;
				GCC_WARN_UNUSED_VARIABLE = YES;
				IPHONEOS_DEPLOYMENT_TARGET = 13.0;
				MTL_ENABLE_DEBUG_INFO = INCLUDE_SOURCE;
				MTL_FAST_MATH = YES;
				ONLY_ACTIVE_ARCH = YES;
				SDKROOT = iphoneos;
				SWIFT_ACTIVE_COMPILATION_CONDITIONS = DEBUG;
				SWIFT_OPTIMIZATION_LEVEL = "-Onone";
			};
			name = Debug;
		};
		0FF3855F2855CBE60054ADD8 /* Release */ = {
			isa = XCBuildConfiguration;
			buildSettings = {
				ALWAYS_SEARCH_USER_PATHS = NO;
				CLANG_ANALYZER_NONNULL = YES;
				CLANG_ANALYZER_NUMBER_OBJECT_CONVERSION = YES_AGGRESSIVE;
				CLANG_CXX_LANGUAGE_STANDARD = "gnu++17";
				CLANG_ENABLE_MODULES = YES;
				CLANG_ENABLE_OBJC_ARC = YES;
				CLANG_ENABLE_OBJC_WEAK = YES;
				CLANG_WARN_BLOCK_CAPTURE_AUTORELEASING = YES;
				CLANG_WARN_BOOL_CONVERSION = YES;
				CLANG_WARN_COMMA = YES;
				CLANG_WARN_CONSTANT_CONVERSION = YES;
				CLANG_WARN_DEPRECATED_OBJC_IMPLEMENTATIONS = YES;
				CLANG_WARN_DIRECT_OBJC_ISA_USAGE = YES_ERROR;
				CLANG_WARN_DOCUMENTATION_COMMENTS = YES;
				CLANG_WARN_EMPTY_BODY = YES;
				CLANG_WARN_ENUM_CONVERSION = YES;
				CLANG_WARN_INFINITE_RECURSION = YES;
				CLANG_WARN_INT_CONVERSION = YES;
				CLANG_WARN_NON_LITERAL_NULL_CONVERSION = YES;
				CLANG_WARN_OBJC_IMPLICIT_RETAIN_SELF = YES;
				CLANG_WARN_OBJC_LITERAL_CONVERSION = YES;
				CLANG_WARN_OBJC_ROOT_CLASS = YES_ERROR;
				CLANG_WARN_QUOTED_INCLUDE_IN_FRAMEWORK_HEADER = YES;
				CLANG_WARN_RANGE_LOOP_ANALYSIS = YES;
				CLANG_WARN_STRICT_PROTOTYPES = YES;
				CLANG_WARN_SUSPICIOUS_MOVE = YES;
				CLANG_WARN_UNGUARDED_AVAILABILITY = YES_AGGRESSIVE;
				CLANG_WARN_UNREACHABLE_CODE = YES;
				CLANG_WARN__DUPLICATE_METHOD_MATCH = YES;
				COPY_PHASE_STRIP = NO;
				DEBUG_INFORMATION_FORMAT = "dwarf-with-dsym";
				ENABLE_NS_ASSERTIONS = NO;
				ENABLE_STRICT_OBJC_MSGSEND = YES;
				GCC_C_LANGUAGE_STANDARD = gnu11;
				GCC_NO_COMMON_BLOCKS = YES;
				GCC_WARN_64_TO_32_BIT_CONVERSION = YES;
				GCC_WARN_ABOUT_RETURN_TYPE = YES_ERROR;
				GCC_WARN_UNDECLARED_SELECTOR = YES;
				GCC_WARN_UNINITIALIZED_AUTOS = YES_AGGRESSIVE;
				GCC_WARN_UNUSED_FUNCTION = YES;
				GCC_WARN_UNUSED_VARIABLE = YES;
				IPHONEOS_DEPLOYMENT_TARGET = 13.0;
				MTL_ENABLE_DEBUG_INFO = NO;
				MTL_FAST_MATH = YES;
				SDKROOT = iphoneos;
				SWIFT_COMPILATION_MODE = wholemodule;
				SWIFT_OPTIMIZATION_LEVEL = "-O";
				VALIDATE_PRODUCT = YES;
			};
			name = Release;
		};
		0FF385612855CBE60054ADD8 /* Debug */ = {
			isa = XCBuildConfiguration;
			baseConfigurationReference = A1CCA3166A3CB416107653FE /* Pods-ChatApp.debug.xcconfig */;
			buildSettings = {
				ASSETCATALOG_COMPILER_APPICON_NAME = AppIcon;
				ASSETCATALOG_COMPILER_GLOBAL_ACCENT_COLOR_NAME = AccentColor;
				CODE_SIGN_STYLE = Automatic;
				CURRENT_PROJECT_VERSION = 1;
				DEVELOPMENT_TEAM = J7MH5N2BKX;
				GENERATE_INFOPLIST_FILE = YES;
				INFOPLIST_FILE = ChatApp/Info.plist;
				INFOPLIST_KEY_UIApplicationSupportsIndirectInputEvents = YES;
				INFOPLIST_KEY_UILaunchStoryboardName = LaunchScreen;
				INFOPLIST_KEY_UIMainStoryboardFile = Main;
				INFOPLIST_KEY_UISupportedInterfaceOrientations = UIInterfaceOrientationPortrait;
				INFOPLIST_KEY_UISupportedInterfaceOrientations_iPad = "UIInterfaceOrientationPortrait UIInterfaceOrientationPortraitUpsideDown";
				INFOPLIST_KEY_UISupportedInterfaceOrientations_iPhone = "UIInterfaceOrientationPortrait UIInterfaceOrientationLandscapeLeft UIInterfaceOrientationLandscapeRight";
				IPHONEOS_DEPLOYMENT_TARGET = 13.0;
				LD_RUNPATH_SEARCH_PATHS = (
					"$(inherited)",
					"@executable_path/Frameworks",
				);
				MARKETING_VERSION = 1.0;
				PRODUCT_BUNDLE_IDENTIFIER = com.byougil.youn.ChatApp;
				PRODUCT_NAME = "$(TARGET_NAME)";
				SWIFT_EMIT_LOC_STRINGS = YES;
				SWIFT_VERSION = 5.0;
				TARGETED_DEVICE_FAMILY = "1,2";
			};
			name = Debug;
		};
		0FF385622855CBE60054ADD8 /* Release */ = {
			isa = XCBuildConfiguration;
			baseConfigurationReference = A7815F512CC2EA64D66F344E /* Pods-ChatApp.release.xcconfig */;
			buildSettings = {
				ASSETCATALOG_COMPILER_APPICON_NAME = AppIcon;
				ASSETCATALOG_COMPILER_GLOBAL_ACCENT_COLOR_NAME = AccentColor;
				CODE_SIGN_STYLE = Automatic;
				CURRENT_PROJECT_VERSION = 1;
				DEVELOPMENT_TEAM = J7MH5N2BKX;
				GENERATE_INFOPLIST_FILE = YES;
				INFOPLIST_FILE = ChatApp/Info.plist;
				INFOPLIST_KEY_UIApplicationSupportsIndirectInputEvents = YES;
				INFOPLIST_KEY_UILaunchStoryboardName = LaunchScreen;
				INFOPLIST_KEY_UIMainStoryboardFile = Main;
				INFOPLIST_KEY_UISupportedInterfaceOrientations = UIInterfaceOrientationPortrait;
				INFOPLIST_KEY_UISupportedInterfaceOrientations_iPad = "UIInterfaceOrientationPortrait UIInterfaceOrientationPortraitUpsideDown";
				INFOPLIST_KEY_UISupportedInterfaceOrientations_iPhone = "UIInterfaceOrientationPortrait UIInterfaceOrientationLandscapeLeft UIInterfaceOrientationLandscapeRight";
				IPHONEOS_DEPLOYMENT_TARGET = 13.0;
				LD_RUNPATH_SEARCH_PATHS = (
					"$(inherited)",
					"@executable_path/Frameworks",
				);
				MARKETING_VERSION = 1.0;
				PRODUCT_BUNDLE_IDENTIFIER = com.byougil.youn.ChatApp;
				PRODUCT_NAME = "$(TARGET_NAME)";
				SWIFT_EMIT_LOC_STRINGS = YES;
				SWIFT_VERSION = 5.0;
				TARGETED_DEVICE_FAMILY = "1,2";
			};
			name = Release;
		};
		0FF385642855CBE60054ADD8 /* Debug */ = {
			isa = XCBuildConfiguration;
			baseConfigurationReference = 08FB3AAF9EDC6F7BE0F1401C /* Pods-ChatAppTests.debug.xcconfig */;
			buildSettings = {
				ALWAYS_EMBED_SWIFT_STANDARD_LIBRARIES = YES;
				BUNDLE_LOADER = "$(TEST_HOST)";
				CODE_SIGN_STYLE = Automatic;
				CURRENT_PROJECT_VERSION = 1;
				DEVELOPMENT_TEAM = J7MH5N2BKX;
				GENERATE_INFOPLIST_FILE = YES;
				IPHONEOS_DEPLOYMENT_TARGET = 15.5;
				MARKETING_VERSION = 1.0;
				PRODUCT_BUNDLE_IDENTIFIER = com.byougil.youn.ChatAppTests;
				PRODUCT_NAME = "$(TARGET_NAME)";
				SWIFT_EMIT_LOC_STRINGS = NO;
				SWIFT_VERSION = 5.0;
				TARGETED_DEVICE_FAMILY = "1,2";
				TEST_HOST = "$(BUILT_PRODUCTS_DIR)/ChatApp.app/ChatApp";
			};
			name = Debug;
		};
		0FF385652855CBE60054ADD8 /* Release */ = {
			isa = XCBuildConfiguration;
			baseConfigurationReference = 1038BFC14B15B0C17012715B /* Pods-ChatAppTests.release.xcconfig */;
			buildSettings = {
				ALWAYS_EMBED_SWIFT_STANDARD_LIBRARIES = YES;
				BUNDLE_LOADER = "$(TEST_HOST)";
				CODE_SIGN_STYLE = Automatic;
				CURRENT_PROJECT_VERSION = 1;
				DEVELOPMENT_TEAM = J7MH5N2BKX;
				GENERATE_INFOPLIST_FILE = YES;
				IPHONEOS_DEPLOYMENT_TARGET = 15.5;
				MARKETING_VERSION = 1.0;
				PRODUCT_BUNDLE_IDENTIFIER = com.byougil.youn.ChatAppTests;
				PRODUCT_NAME = "$(TARGET_NAME)";
				SWIFT_EMIT_LOC_STRINGS = NO;
				SWIFT_VERSION = 5.0;
				TARGETED_DEVICE_FAMILY = "1,2";
				TEST_HOST = "$(BUILT_PRODUCTS_DIR)/ChatApp.app/ChatApp";
			};
			name = Release;
		};
		0FF385672855CBE60054ADD8 /* Debug */ = {
			isa = XCBuildConfiguration;
			baseConfigurationReference = B09B6288A9EF9E726E013060 /* Pods-ChatApp-ChatAppUITests.debug.xcconfig */;
			buildSettings = {
				ALWAYS_EMBED_SWIFT_STANDARD_LIBRARIES = YES;
				CODE_SIGN_STYLE = Automatic;
				CURRENT_PROJECT_VERSION = 1;
				DEVELOPMENT_TEAM = J7MH5N2BKX;
				GENERATE_INFOPLIST_FILE = YES;
				MARKETING_VERSION = 1.0;
				PRODUCT_BUNDLE_IDENTIFIER = com.byougil.youn.ChatAppUITests;
				PRODUCT_NAME = "$(TARGET_NAME)";
				SWIFT_EMIT_LOC_STRINGS = NO;
				SWIFT_VERSION = 5.0;
				TARGETED_DEVICE_FAMILY = "1,2";
				TEST_TARGET_NAME = ChatApp;
			};
			name = Debug;
		};
		0FF385682855CBE60054ADD8 /* Release */ = {
			isa = XCBuildConfiguration;
			baseConfigurationReference = BFD05B37D8B61A72E086A517 /* Pods-ChatApp-ChatAppUITests.release.xcconfig */;
			buildSettings = {
				ALWAYS_EMBED_SWIFT_STANDARD_LIBRARIES = YES;
				CODE_SIGN_STYLE = Automatic;
				CURRENT_PROJECT_VERSION = 1;
				DEVELOPMENT_TEAM = J7MH5N2BKX;
				GENERATE_INFOPLIST_FILE = YES;
				MARKETING_VERSION = 1.0;
				PRODUCT_BUNDLE_IDENTIFIER = com.byougil.youn.ChatAppUITests;
				PRODUCT_NAME = "$(TARGET_NAME)";
				SWIFT_EMIT_LOC_STRINGS = NO;
				SWIFT_VERSION = 5.0;
				TARGETED_DEVICE_FAMILY = "1,2";
				TEST_TARGET_NAME = ChatApp;
			};
			name = Release;
		};
/* End XCBuildConfiguration section */

/* Begin XCConfigurationList section */
		0FF385312855CBE40054ADD8 /* Build configuration list for PBXProject "ChatApp" */ = {
			isa = XCConfigurationList;
			buildConfigurations = (
				0FF3855E2855CBE60054ADD8 /* Debug */,
				0FF3855F2855CBE60054ADD8 /* Release */,
			);
			defaultConfigurationIsVisible = 0;
			defaultConfigurationName = Release;
		};
		0FF385602855CBE60054ADD8 /* Build configuration list for PBXNativeTarget "ChatApp" */ = {
			isa = XCConfigurationList;
			buildConfigurations = (
				0FF385612855CBE60054ADD8 /* Debug */,
				0FF385622855CBE60054ADD8 /* Release */,
			);
			defaultConfigurationIsVisible = 0;
			defaultConfigurationName = Release;
		};
		0FF385632855CBE60054ADD8 /* Build configuration list for PBXNativeTarget "ChatAppTests" */ = {
			isa = XCConfigurationList;
			buildConfigurations = (
				0FF385642855CBE60054ADD8 /* Debug */,
				0FF385652855CBE60054ADD8 /* Release */,
			);
			defaultConfigurationIsVisible = 0;
			defaultConfigurationName = Release;
		};
		0FF385662855CBE60054ADD8 /* Build configuration list for PBXNativeTarget "ChatAppUITests" */ = {
			isa = XCConfigurationList;
			buildConfigurations = (
				0FF385672855CBE60054ADD8 /* Debug */,
				0FF385682855CBE60054ADD8 /* Release */,
			);
			defaultConfigurationIsVisible = 0;
			defaultConfigurationName = Release;
		};
/* End XCConfigurationList section */
	};
	rootObject = 0FF3852E2855CBE40054ADD8 /* Project object */;
}
